
Microsoft Visual Studio Solution File, Format Version 12.00
# Visual Studio Version 17
VisualStudioVersion = 17.0.32112.339
MinimumVisualStudioVersion = 10.0.40219.1
Project("{FAE04EC0-301F-11D3-BF4B-00C04F79EFBC}") = "TicTacToe", "TicTacToe\TicTacToe.csproj", "{8A66C4E9-C5EB-42EA-B7CE-3E004B7C73D9}"
EndProject
Global
	GlobalSection(SolutionConfigurationPlatforms) = preSolution
		Debug|Any CPU = Debug|Any CPU
		Release|Any CPU = Release|Any CPU
	EndGlobalSection
	GlobalSection(ProjectConfigurationPlatforms) = postSolution
		{8A66C4E9-C5EB-42EA-B7CE-3E004B7C73D9}.Debug|Any CPU.ActiveCfg = Debug|Any CPU
		{8A66C4E9-C5EB-42EA-B7CE-3E004B7C73D9}.Debug|Any CPU.Build.0 = Debug|Any CPU
		{8A66C4E9-C5EB-42EA-B7CE-3E004B7C73D9}.Release|Any CPU.ActiveCfg = Release|Any CPU
		{8A66C4E9-C5EB-42EA-B7CE-3E004B7C73D9}.Release|Any CPU.Build.0 = Release|Any CPU
	EndGlobalSection
	GlobalSection(SolutionProperties) = preSolution
		HideSolutionNode = FALSE
	EndGlobalSection
	GlobalSection(ExtensibilityGlobals) = postSolution
		SolutionGuid = {F51DE1E6-4CF8-4E83-A7BF-F860B1C75C6E}
	EndGlobalSection
EndGlobal
